
Microsoft Visual Studio Solution File, Format Version 12.00
# Visual Studio Version 16
VisualStudioVersion = 16.0.29613.14
MinimumVisualStudioVersion = 10.0.40219.1
Project("{FAE04EC0-301F-11D3-BF4B-00C04F79EFBC}") = "Exercicio1", "Exercicio1\Exercicio1.csproj", "{B0A9F25A-8242-4EAB-A6C3-6E8D1F159E61}"
EndProject
Global
	GlobalSection(SolutionConfigurationPlatforms) = preSolution
		Debug|Any CPU = Debug|Any CPU
		Release|Any CPU = Release|Any CPU
	EndGlobalSection
	GlobalSection(ProjectConfigurationPlatforms) = postSolution
		{B0A9F25A-8242-4EAB-A6C3-6E8D1F159E61}.Debug|Any CPU.ActiveCfg = Debug|Any CPU
		{B0A9F25A-8242-4EAB-A6C3-6E8D1F159E61}.Debug|Any CPU.Build.0 = Debug|Any CPU
		{B0A9F25A-8242-4EAB-A6C3-6E8D1F159E61}.Release|Any CPU.ActiveCfg = Release|Any CPU
		{B0A9F25A-8242-4EAB-A6C3-6E8D1F159E61}.Release|Any CPU.Build.0 = Release|Any CPU
	EndGlobalSection
	GlobalSection(SolutionProperties) = preSolution
		HideSolutionNode = FALSE
	EndGlobalSection
	GlobalSection(ExtensibilityGlobals) = postSolution
		SolutionGuid = {C140E356-2D79-4328-80AC-09C65FF9546F}
	EndGlobalSection
EndGlobal
